
Microsoft Visual Studio Solution File, Format Version 12.00
# Visual Studio Version 17
VisualStudioVersion = 17.4.33213.308
MinimumVisualStudioVersion = 10.0.40219.1
Project("{FAE04EC0-301F-11D3-BF4B-00C04F79EFBC}") = "BlazorShop.Web", "BlazorShop.Web\BlazorShop.Web.csproj", "{0C908F96-54F5-47C1-B7D0-D7625481688C}"
EndProject
Project("{FAE04EC0-301F-11D3-BF4B-00C04F79EFBC}") = "BlazorShop.Api", "BlazorShop.Api\BlazorShop.Api.csproj", "{0D2251F9-2CBA-409A-BB11-C157F1CF55FD}"
EndProject
Project("{FAE04EC0-301F-11D3-BF4B-00C04F79EFBC}") = "BlazorShop.Models", "BlazorShop.Models\BlazorShop.Models.csproj", "{FEE09320-B34D-4C60-8924-48D1D8EA432E}"
EndProject
Global
	GlobalSection(SolutionConfigurationPlatforms) = preSolution
		Debug|Any CPU = Debug|Any CPU
		Release|Any CPU = Release|Any CPU
	EndGlobalSection
	GlobalSection(ProjectConfigurationPlatforms) = postSolution
		{0C908F96-54F5-47C1-B7D0-D7625481688C}.Debug|Any CPU.ActiveCfg = Debug|Any CPU
		{0C908F96-54F5-47C1-B7D0-D7625481688C}.Debug|Any CPU.Build.0 = Debug|Any CPU
		{0C908F96-54F5-47C1-B7D0-D7625481688C}.Release|Any CPU.ActiveCfg = Release|Any CPU
		{0C908F96-54F5-47C1-B7D0-D7625481688C}.Release|Any CPU.Build.0 = Release|Any CPU
		{0D2251F9-2CBA-409A-BB11-C157F1CF55FD}.Debug|Any CPU.ActiveCfg = Debug|Any CPU
		{0D2251F9-2CBA-409A-BB11-C157F1CF55FD}.Debug|Any CPU.Build.0 = Debug|Any CPU
		{0D2251F9-2CBA-409A-BB11-C157F1CF55FD}.Release|Any CPU.ActiveCfg = Release|Any CPU
		{0D2251F9-2CBA-409A-BB11-C157F1CF55FD}.Release|Any CPU.Build.0 = Release|Any CPU
		{FEE09320-B34D-4C60-8924-48D1D8EA432E}.Debug|Any CPU.ActiveCfg = Debug|Any CPU
		{FEE09320-B34D-4C60-8924-48D1D8EA432E}.Debug|Any CPU.Build.0 = Debug|Any CPU
		{FEE09320-B34D-4C60-8924-48D1D8EA432E}.Release|Any CPU.ActiveCfg = Release|Any CPU
		{FEE09320-B34D-4C60-8924-48D1D8EA432E}.Release|Any CPU.Build.0 = Release|Any CPU
	EndGlobalSection
	GlobalSection(SolutionProperties) = preSolution
		HideSolutionNode = FALSE
	EndGlobalSection
	GlobalSection(ExtensibilityGlobals) = postSolution
		SolutionGuid = {EF02586B-09B0-483D-94C9-CF070263A7EE}
	EndGlobalSection
EndGlobal
